
Microsoft Visual Studio Solution File, Format Version 12.00
# Visual Studio Version 16
VisualStudioVersion = 16.0.29411.108
MinimumVisualStudioVersion = 10.0.40219.1
Project("{8BC9CEB8-8B4A-11D0-8D11-00A0C91BC942}") = "TestProject", "TestProject\TestProject.vcxproj", "{456C18E1-AACB-4E68-B65E-1FB359CB6990}"
EndProject
Global
	GlobalSection(SolutionConfigurationPlatforms) = preSolution
		Debug|x64 = Debug|x64
		Debug|x86 = Debug|x86
		Release|x64 = Release|x64
		Release|x86 = Release|x86
	EndGlobalSection
	GlobalSection(ProjectConfigurationPlatforms) = postSolution
		{456C18E1-AACB-4E68-B65E-1FB359CB6990}.Debug|x64.ActiveCfg = Debug|x64
		{456C18E1-AACB-4E68-B65E-1FB359CB6990}.Debug|x64.Build.0 = Debug|x64
		{456C18E1-AACB-4E68-B65E-1FB359CB6990}.Debug|x86.ActiveCfg = Debug|Win32
		{456C18E1-AACB-4E68-B65E-1FB359CB6990}.Debug|x86.Build.0 = Debug|Win32
		{456C18E1-AACB-4E68-B65E-1FB359CB6990}.Release|x64.ActiveCfg = Release|x64
		{456C18E1-AACB-4E68-B65E-1FB359CB6990}.Release|x64.Build.0 = Release|x64
		{456C18E1-AACB-4E68-B65E-1FB359CB6990}.Release|x86.ActiveCfg = Release|Win32
		{456C18E1-AACB-4E68-B65E-1FB359CB6990}.Release|x86.Build.0 = Release|Win32
	EndGlobalSection
	GlobalSection(SolutionProperties) = preSolution
		HideSolutionNode = FALSE
	EndGlobalSection
	GlobalSection(ExtensibilityGlobals) = postSolution
		SolutionGuid = {5F3ECAFD-3D97-424E-85EA-E21BB0935CB9}
	EndGlobalSection
EndGlobal
